
Microsoft Visual Studio Solution File, Format Version 12.00
# Visual Studio 15
VisualStudioVersion = 15.0.26124.0
MinimumVisualStudioVersion = 15.0.26124.0
Project("{2150E333-8FDC-42A3-9474-1A3956D46DE8}") = "Solution Items", "Solution Items", "{179718F8-9862-430B-A9AA-EA2549B989DC}"
	ProjectSection(SolutionItems) = preProject
		TODOS.md = TODOS.md
		LICENSE-APACHE = LICENSE-APACHE
		LICENSE-MIT = LICENSE-MIT
		README.md = README.md
		TESTING.md = TESTING.md
		PROJECTS.MD = PROJECTS.MD
		ADDITIONAL INFORMATION.md = ADDITIONAL INFORMATION.md
		BUILDING.MD = BUILDING.MD
	EndProjectSection
EndProject
Project("{FAE04EC0-301F-11D3-BF4B-00C04F79EFBC}") = "IndyDotNet", "IndyDotNet\IndyDotNet.csproj", "{80B9FD17-6AD9-41B4-8130-A2EB6460D08F}"
EndProject
Project("{FAE04EC0-301F-11D3-BF4B-00C04F79EFBC}") = "Tests", "Tests\Tests.csproj", "{6A89ADB7-0149-43E1-BCE3-694A5ED718BE}"
EndProject
Project("{FAE04EC0-301F-11D3-BF4B-00C04F79EFBC}") = "IndyDotNetCLI", "IndyDotNetCLI\IndyDotNetCLI.csproj", "{DC75FFCF-665A-47D5-ACD2-8192DC4E866E}"
EndProject
Project("{FAE04EC0-301F-11D3-BF4B-00C04F79EFBC}") = "DotNetPay", "DotNetPay\DotNetPay.csproj", "{5229CFFD-FCCA-4683-9602-020378BE890F}"
EndProject
Global
	GlobalSection(SolutionConfigurationPlatforms) = preSolution
		Debug|Any CPU = Debug|Any CPU
		Debug|x64 = Debug|x64
		Debug|x86 = Debug|x86
		Release|Any CPU = Release|Any CPU
		Release|x64 = Release|x64
		Release|x86 = Release|x86
	EndGlobalSection
	GlobalSection(SolutionProperties) = preSolution
		HideSolutionNode = FALSE
	EndGlobalSection
	GlobalSection(ProjectConfigurationPlatforms) = postSolution
		{80B9FD17-6AD9-41B4-8130-A2EB6460D08F}.Debug|Any CPU.ActiveCfg = Debug|Any CPU
		{80B9FD17-6AD9-41B4-8130-A2EB6460D08F}.Debug|Any CPU.Build.0 = Debug|Any CPU
		{80B9FD17-6AD9-41B4-8130-A2EB6460D08F}.Debug|x64.ActiveCfg = Debug|Any CPU
		{80B9FD17-6AD9-41B4-8130-A2EB6460D08F}.Debug|x64.Build.0 = Debug|Any CPU
		{80B9FD17-6AD9-41B4-8130-A2EB6460D08F}.Debug|x86.ActiveCfg = Debug|Any CPU
		{80B9FD17-6AD9-41B4-8130-A2EB6460D08F}.Debug|x86.Build.0 = Debug|Any CPU
		{80B9FD17-6AD9-41B4-8130-A2EB6460D08F}.Release|Any CPU.ActiveCfg = Release|Any CPU
		{80B9FD17-6AD9-41B4-8130-A2EB6460D08F}.Release|Any CPU.Build.0 = Release|Any CPU
		{80B9FD17-6AD9-41B4-8130-A2EB6460D08F}.Release|x64.ActiveCfg = Release|Any CPU
		{80B9FD17-6AD9-41B4-8130-A2EB6460D08F}.Release|x64.Build.0 = Release|Any CPU
		{80B9FD17-6AD9-41B4-8130-A2EB6460D08F}.Release|x86.ActiveCfg = Release|Any CPU
		{80B9FD17-6AD9-41B4-8130-A2EB6460D08F}.Release|x86.Build.0 = Release|Any CPU
		{6A89ADB7-0149-43E1-BCE3-694A5ED718BE}.Debug|Any CPU.ActiveCfg = Debug|Any CPU
		{6A89ADB7-0149-43E1-BCE3-694A5ED718BE}.Debug|Any CPU.Build.0 = Debug|Any CPU
		{6A89ADB7-0149-43E1-BCE3-694A5ED718BE}.Debug|x64.ActiveCfg = Debug|Any CPU
		{6A89ADB7-0149-43E1-BCE3-694A5ED718BE}.Debug|x64.Build.0 = Debug|Any CPU
		{6A89ADB7-0149-43E1-BCE3-694A5ED718BE}.Debug|x86.ActiveCfg = Debug|Any CPU
		{6A89ADB7-0149-43E1-BCE3-694A5ED718BE}.Debug|x86.Build.0 = Debug|Any CPU
		{6A89ADB7-0149-43E1-BCE3-694A5ED718BE}.Release|Any CPU.ActiveCfg = Release|Any CPU
		{6A89ADB7-0149-43E1-BCE3-694A5ED718BE}.Release|Any CPU.Build.0 = Release|Any CPU
		{6A89ADB7-0149-43E1-BCE3-694A5ED718BE}.Release|x64.ActiveCfg = Release|Any CPU
		{6A89ADB7-0149-43E1-BCE3-694A5ED718BE}.Release|x64.Build.0 = Release|Any CPU
		{6A89ADB7-0149-43E1-BCE3-694A5ED718BE}.Release|x86.ActiveCfg = Release|Any CPU
		{6A89ADB7-0149-43E1-BCE3-694A5ED718BE}.Release|x86.Build.0 = Release|Any CPU
		{DC75FFCF-665A-47D5-ACD2-8192DC4E866E}.Debug|Any CPU.ActiveCfg = Debug|Any CPU
		{DC75FFCF-665A-47D5-ACD2-8192DC4E866E}.Debug|Any CPU.Build.0 = Debug|Any CPU
		{DC75FFCF-665A-47D5-ACD2-8192DC4E866E}.Debug|x64.ActiveCfg = Debug|Any CPU
		{DC75FFCF-665A-47D5-ACD2-8192DC4E866E}.Debug|x64.Build.0 = Debug|Any CPU
		{DC75FFCF-665A-47D5-ACD2-8192DC4E866E}.Debug|x86.ActiveCfg = Debug|Any CPU
		{DC75FFCF-665A-47D5-ACD2-8192DC4E866E}.Debug|x86.Build.0 = Debug|Any CPU
		{DC75FFCF-665A-47D5-ACD2-8192DC4E866E}.Release|Any CPU.ActiveCfg = Release|Any CPU
		{DC75FFCF-665A-47D5-ACD2-8192DC4E866E}.Release|Any CPU.Build.0 = Release|Any CPU
		{DC75FFCF-665A-47D5-ACD2-8192DC4E866E}.Release|x64.ActiveCfg = Release|Any CPU
		{DC75FFCF-665A-47D5-ACD2-8192DC4E866E}.Release|x64.Build.0 = Release|Any CPU
		{DC75FFCF-665A-47D5-ACD2-8192DC4E866E}.Release|x86.ActiveCfg = Release|Any CPU
		{DC75FFCF-665A-47D5-ACD2-8192DC4E866E}.Release|x86.Build.0 = Release|Any CPU
		{5229CFFD-FCCA-4683-9602-020378BE890F}.Debug|Any CPU.ActiveCfg = Debug|Any CPU
		{5229CFFD-FCCA-4683-9602-020378BE890F}.Debug|Any CPU.Build.0 = Debug|Any CPU
		{5229CFFD-FCCA-4683-9602-020378BE890F}.Debug|x64.ActiveCfg = Debug|Any CPU
		{5229CFFD-FCCA-4683-9602-020378BE890F}.Debug|x64.Build.0 = Debug|Any CPU
		{5229CFFD-FCCA-4683-9602-020378BE890F}.Debug|x86.ActiveCfg = Debug|Any CPU
		{5229CFFD-FCCA-4683-9602-020378BE890F}.Debug|x86.Build.0 = Debug|Any CPU
		{5229CFFD-FCCA-4683-9602-020378BE890F}.Release|Any CPU.ActiveCfg = Release|Any CPU
		{5229CFFD-FCCA-4683-9602-020378BE890F}.Release|Any CPU.Build.0 = Release|Any CPU
		{5229CFFD-FCCA-4683-9602-020378BE890F}.Release|x64.ActiveCfg = Release|Any CPU
		{5229CFFD-FCCA-4683-9602-020378BE890F}.Release|x64.Build.0 = Release|Any CPU
		{5229CFFD-FCCA-4683-9602-020378BE890F}.Release|x86.ActiveCfg = Release|Any CPU
		{5229CFFD-FCCA-4683-9602-020378BE890F}.Release|x86.Build.0 = Release|Any CPU
	EndGlobalSection
EndGlobal
